
Microsoft Visual Studio Solution File, Format Version 12.00
# Visual Studio 15
VisualStudioVersion = 15.0.27703.2026
MinimumVisualStudioVersion = 10.0.40219.1
Project("{FAE04EC0-301F-11D3-BF4B-00C04F79EFBC}") = "ScreenshotSequence", "ScreenshotSequence\ScreenshotSequence.csproj", "{62C25D89-168C-4DAE-B288-D0AB536AAACF}"
EndProject
Global
	GlobalSection(SolutionConfigurationPlatforms) = preSolution
		Debug|Any CPU = Debug|Any CPU
		Release|Any CPU = Release|Any CPU
	EndGlobalSection
	GlobalSection(ProjectConfigurationPlatforms) = postSolution
		{62C25D89-168C-4DAE-B288-D0AB536AAACF}.Debug|Any CPU.ActiveCfg = Debug|Any CPU
		{62C25D89-168C-4DAE-B288-D0AB536AAACF}.Debug|Any CPU.Build.0 = Debug|Any CPU
		{62C25D89-168C-4DAE-B288-D0AB536AAACF}.Release|Any CPU.ActiveCfg = Release|Any CPU
		{62C25D89-168C-4DAE-B288-D0AB536AAACF}.Release|Any CPU.Build.0 = Release|Any CPU
	EndGlobalSection
	GlobalSection(SolutionProperties) = preSolution
		HideSolutionNode = FALSE
	EndGlobalSection
	GlobalSection(ExtensibilityGlobals) = postSolution
		SolutionGuid = {53EB7970-AEE7-4FD5-9B7A-E1068B1BF7C6}
	EndGlobalSection
EndGlobal
